// !$*UTF8*$!
{
	archiveVersion = 1;
	classes = {
	};
	objectVersion = 46;
	objects = {

/* Begin PBXBuildFile section */
		742897811F3110BC005242A0 /* IncomeTableViewCell.swift in Sources */ = {isa = PBXBuildFile; fileRef = 742897801F3110BC005242A0 /* IncomeTableViewCell.swift */; };
		7435D8F71F2DFBC900FD93AD /* AppDelegate.swift in Sources */ = {isa = PBXBuildFile; fileRef = 7435D8F61F2DFBC900FD93AD /* AppDelegate.swift */; };
		7435D8FC1F2DFBC900FD93AD /* Main.storyboard in Resources */ = {isa = PBXBuildFile; fileRef = 7435D8FA1F2DFBC900FD93AD /* Main.storyboard */; };
		7435D8FE1F2DFBC900FD93AD /* Assets.xcassets in Resources */ = {isa = PBXBuildFile; fileRef = 7435D8FD1F2DFBC900FD93AD /* Assets.xcassets */; };
		7435D9011F2DFBC900FD93AD /* LaunchScreen.storyboard in Resources */ = {isa = PBXBuildFile; fileRef = 7435D8FF1F2DFBC900FD93AD /* LaunchScreen.storyboard */; };
		7435D9091F2DFC1000FD93AD /* RootPageViewController.swift in Sources */ = {isa = PBXBuildFile; fileRef = 7435D9081F2DFC1000FD93AD /* RootPageViewController.swift */; };
		748B19781F309F6000551EE3 /* Income.swift in Sources */ = {isa = PBXBuildFile; fileRef = 748B19771F309F6000551EE3 /* Income.swift */; };
		74A9B41F1F2FD1A1006B1B72 /* Expense.swift in Sources */ = {isa = PBXBuildFile; fileRef = 74A9B41E1F2FD1A1006B1B72 /* Expense.swift */; };
		74A9B4211F2FD3C0006B1B72 /* ExpenseTableViewController.swift in Sources */ = {isa = PBXBuildFile; fileRef = 74A9B4201F2FD3C0006B1B72 /* ExpenseTableViewController.swift */; };
		74A9B4231F2FD6E4006B1B72 /* ExpenseTableViewCell.swift in Sources */ = {isa = PBXBuildFile; fileRef = 74A9B4221F2FD6E4006B1B72 /* ExpenseTableViewCell.swift */; };
		74A9B4251F2FE498006B1B72 /* SplitViewController.swift in Sources */ = {isa = PBXBuildFile; fileRef = 74A9B4241F2FE498006B1B72 /* SplitViewController.swift */; };
		74A9B4271F2FE507006B1B72 /* WishlistViewController.swift in Sources */ = {isa = PBXBuildFile; fileRef = 74A9B4261F2FE507006B1B72 /* WishlistViewController.swift */; };
		74A9B4291F2FE656006B1B72 /* SettingsViewController.swift in Sources */ = {isa = PBXBuildFile; fileRef = 74A9B4281F2FE656006B1B72 /* SettingsViewController.swift */; };
		74A9B42B1F2FE9A4006B1B72 /* SetupViewController.swift in Sources */ = {isa = PBXBuildFile; fileRef = 74A9B42A1F2FE9A4006B1B72 /* SetupViewController.swift */; };
		74A9B42F1F2FF048006B1B72 /* CurrentMonthTableViewController.swift in Sources */ = {isa = PBXBuildFile; fileRef = 74A9B42E1F2FF048006B1B72 /* CurrentMonthTableViewController.swift */; };
		74D3FC311F2E52580062959F /* CurrentMonthViewController.swift in Sources */ = {isa = PBXBuildFile; fileRef = 74D3FC301F2E52580062959F /* CurrentMonthViewController.swift */; };
/* End PBXBuildFile section */

/* Begin PBXFileReference section */
		742897801F3110BC005242A0 /* IncomeTableViewCell.swift */ = {isa = PBXFileReference; fileEncoding = 4; lastKnownFileType = sourcecode.swift; path = IncomeTableViewCell.swift; sourceTree = "<group>"; };
		7435D8F31F2DFBC900FD93AD /* Baisti.app */ = {isa = PBXFileReference; explicitFileType = wrapper.application; includeInIndex = 0; path = Baisti.app; sourceTree = BUILT_PRODUCTS_DIR; };
		7435D8F61F2DFBC900FD93AD /* AppDelegate.swift */ = {isa = PBXFileReference; lastKnownFileType = sourcecode.swift; path = AppDelegate.swift; sourceTree = "<group>"; };
		7435D8FB1F2DFBC900FD93AD /* Base */ = {isa = PBXFileReference; lastKnownFileType = file.storyboard; name = Base; path = Base.lproj/Main.storyboard; sourceTree = "<group>"; };
		7435D8FD1F2DFBC900FD93AD /* Assets.xcassets */ = {isa = PBXFileReference; lastKnownFileType = folder.assetcatalog; path = Assets.xcassets; sourceTree = "<group>"; };
		7435D9001F2DFBC900FD93AD /* Base */ = {isa = PBXFileReference; lastKnownFileType = file.storyboard; name = Base; path = Base.lproj/LaunchScreen.storyboard; sourceTree = "<group>"; };
		7435D9021F2DFBC900FD93AD /* Info.plist */ = {isa = PBXFileReference; lastKnownFileType = text.plist.xml; path = Info.plist; sourceTree = "<group>"; };
		7435D9081F2DFC1000FD93AD /* RootPageViewController.swift */ = {isa = PBXFileReference; fileEncoding = 4; lastKnownFileType = sourcecode.swift; path = RootPageViewController.swift; sourceTree = "<group>"; };
		748B19771F309F6000551EE3 /* Income.swift */ = {isa = PBXFileReference; fileEncoding = 4; lastKnownFileType = sourcecode.swift; path = Income.swift; sourceTree = "<group>"; };
		74A9B41E1F2FD1A1006B1B72 /* Expense.swift */ = {isa = PBXFileReference; fileEncoding = 4; lastKnownFileType = sourcecode.swift; path = Expense.swift; sourceTree = "<group>"; };
		74A9B4201F2FD3C0006B1B72 /* ExpenseTableViewController.swift */ = {isa = PBXFileReference; fileEncoding = 4; lastKnownFileType = sourcecode.swift; path = ExpenseTableViewController.swift; sourceTree = "<group>"; };
		74A9B4221F2FD6E4006B1B72 /* ExpenseTableViewCell.swift */ = {isa = PBXFileReference; fileEncoding = 4; lastKnownFileType = sourcecode.swift; path = ExpenseTableViewCell.swift; sourceTree = "<group>"; };
		74A9B4241F2FE498006B1B72 /* SplitViewController.swift */ = {isa = PBXFileReference; fileEncoding = 4; lastKnownFileType = sourcecode.swift; path = SplitViewController.swift; sourceTree = "<group>"; };
		74A9B4261F2FE507006B1B72 /* WishlistViewController.swift */ = {isa = PBXFileReference; fileEncoding = 4; lastKnownFileType = sourcecode.swift; path = WishlistViewController.swift; sourceTree = "<group>"; };
		74A9B4281F2FE656006B1B72 /* SettingsViewController.swift */ = {isa = PBXFileReference; fileEncoding = 4; lastKnownFileType = sourcecode.swift; path = SettingsViewController.swift; sourceTree = "<group>"; };
		74A9B42A1F2FE9A4006B1B72 /* SetupViewController.swift */ = {isa = PBXFileReference; fileEncoding = 4; lastKnownFileType = sourcecode.swift; path = SetupViewController.swift; sourceTree = "<group>"; };
		74A9B42E1F2FF048006B1B72 /* CurrentMonthTableViewController.swift */ = {isa = PBXFileReference; fileEncoding = 4; lastKnownFileType = sourcecode.swift; path = CurrentMonthTableViewController.swift; sourceTree = "<group>"; };
		74D3FC301F2E52580062959F /* CurrentMonthViewController.swift */ = {isa = PBXFileReference; fileEncoding = 4; lastKnownFileType = sourcecode.swift; path = CurrentMonthViewController.swift; sourceTree = "<group>"; };
/* End PBXFileReference section */

/* Begin PBXFrameworksBuildPhase section */
		7435D8F01F2DFBC900FD93AD /* Frameworks */ = {
			isa = PBXFrameworksBuildPhase;
			buildActionMask = 2147483647;
			files = (
			);
			runOnlyForDeploymentPostprocessing = 0;
		};
/* End PBXFrameworksBuildPhase section */

/* Begin PBXGroup section */
		7428977F1F31025C005242A0 /* Classes */ = {
			isa = PBXGroup;
			children = (
				74A9B41E1F2FD1A1006B1B72 /* Expense.swift */,
				748B19771F309F6000551EE3 /* Income.swift */,
			);
			name = Classes;
			sourceTree = "<group>";
		};
		7435D8EA1F2DFBC900FD93AD = {
			isa = PBXGroup;
			children = (
				7435D8F51F2DFBC900FD93AD /* Baisti */,
				7435D8F41F2DFBC900FD93AD /* Products */,
			);
			sourceTree = "<group>";
		};
		7435D8F41F2DFBC900FD93AD /* Products */ = {
			isa = PBXGroup;
			children = (
				7435D8F31F2DFBC900FD93AD /* Baisti.app */,
			);
			name = Products;
			sourceTree = "<group>";
		};
		7435D8F51F2DFBC900FD93AD /* Baisti */ = {
			isa = PBXGroup;
			children = (
				74A9B4201F2FD3C0006B1B72 /* ExpenseTableViewController.swift */,
				74A9B4221F2FD6E4006B1B72 /* ExpenseTableViewCell.swift */,
				742897801F3110BC005242A0 /* IncomeTableViewCell.swift */,
				7428977F1F31025C005242A0 /* Classes */,
				7435D8F61F2DFBC900FD93AD /* AppDelegate.swift */,
				74A9B4261F2FE507006B1B72 /* WishlistViewController.swift */,
				7435D9081F2DFC1000FD93AD /* RootPageViewController.swift */,
				74A9B4241F2FE498006B1B72 /* SplitViewController.swift */,
				74A9B42A1F2FE9A4006B1B72 /* SetupViewController.swift */,
				74A9B4281F2FE656006B1B72 /* SettingsViewController.swift */,
				7435D8FA1F2DFBC900FD93AD /* Main.storyboard */,
				74D3FC301F2E52580062959F /* CurrentMonthViewController.swift */,
				74A9B42E1F2FF048006B1B72 /* CurrentMonthTableViewController.swift */,
				7435D8FD1F2DFBC900FD93AD /* Assets.xcassets */,
				7435D8FF1F2DFBC900FD93AD /* LaunchScreen.storyboard */,
				7435D9021F2DFBC900FD93AD /* Info.plist */,
			);
			path = Baisti;
			sourceTree = "<group>";
		};
/* End PBXGroup section */

/* Begin PBXNativeTarget section */
		7435D8F21F2DFBC900FD93AD /* Baisti */ = {
			isa = PBXNativeTarget;
			buildConfigurationList = 7435D9051F2DFBC900FD93AD /* Build configuration list for PBXNativeTarget "Baisti" */;
			buildPhases = (
				7435D8EF1F2DFBC900FD93AD /* Sources */,
				7435D8F01F2DFBC900FD93AD /* Frameworks */,
				7435D8F11F2DFBC900FD93AD /* Resources */,
			);
			buildRules = (
			);
			dependencies = (
			);
			name = Baisti;
			productName = Baisti;
			productReference = 7435D8F31F2DFBC900FD93AD /* Baisti.app */;
			productType = "com.apple.product-type.application";
		};
/* End PBXNativeTarget section */

/* Begin PBXProject section */
		7435D8EB1F2DFBC900FD93AD /* Project object */ = {
			isa = PBXProject;
			attributes = {
				LastSwiftUpdateCheck = 0830;
				LastUpgradeCheck = 0830;
				ORGANIZATIONNAME = "Mahmood al-Zadjali";
				TargetAttributes = {
					7435D8F21F2DFBC900FD93AD = {
						CreatedOnToolsVersion = 8.3.2;
						DevelopmentTeam = 4426RM98CS;
						ProvisioningStyle = Automatic;
					};
				};
			};
			buildConfigurationList = 7435D8EE1F2DFBC900FD93AD /* Build configuration list for PBXProject "Baisti" */;
			compatibilityVersion = "Xcode 3.2";
			developmentRegion = English;
			hasScannedForEncodings = 0;
			knownRegions = (
				en,
				Base,
			);
			mainGroup = 7435D8EA1F2DFBC900FD93AD;
			productRefGroup = 7435D8F41F2DFBC900FD93AD /* Products */;
			projectDirPath = "";
			projectRoot = "";
			targets = (
				7435D8F21F2DFBC900FD93AD /* Baisti */,
			);
		};
/* End PBXProject section */

/* Begin PBXResourcesBuildPhase section */
		7435D8F11F2DFBC900FD93AD /* Resources */ = {
			isa = PBXResourcesBuildPhase;
			buildActionMask = 2147483647;
			files = (
				7435D9011F2DFBC900FD93AD /* LaunchScreen.storyboard in Resources */,
				7435D8FE1F2DFBC900FD93AD /* Assets.xcassets in Resources */,
				7435D8FC1F2DFBC900FD93AD /* Main.storyboard in Resources */,
			);
			runOnlyForDeploymentPostprocessing = 0;
		};
/* End PBXResourcesBuildPhase section */

/* Begin PBXSourcesBuildPhase section */
		7435D8EF1F2DFBC900FD93AD /* Sources */ = {
			isa = PBXSourcesBuildPhase;
			buildActionMask = 2147483647;
			files = (
				74A9B4211F2FD3C0006B1B72 /* ExpenseTableViewController.swift in Sources */,
				74A9B41F1F2FD1A1006B1B72 /* Expense.swift in Sources */,
				74A9B4231F2FD6E4006B1B72 /* ExpenseTableViewCell.swift in Sources */,
				74A9B42F1F2FF048006B1B72 /* CurrentMonthTableViewController.swift in Sources */,
				74D3FC311F2E52580062959F /* CurrentMonthViewController.swift in Sources */,
				74A9B42B1F2FE9A4006B1B72 /* SetupViewController.swift in Sources */,
				74A9B4271F2FE507006B1B72 /* WishlistViewController.swift in Sources */,
				7435D9091F2DFC1000FD93AD /* RootPageViewController.swift in Sources */,
				7435D8F71F2DFBC900FD93AD /* AppDelegate.swift in Sources */,
				742897811F3110BC005242A0 /* IncomeTableViewCell.swift in Sources */,
				74A9B4251F2FE498006B1B72 /* SplitViewController.swift in Sources */,
				748B19781F309F6000551EE3 /* Income.swift in Sources */,
				74A9B4291F2FE656006B1B72 /* SettingsViewController.swift in Sources */,
			);
			runOnlyForDeploymentPostprocessing = 0;
		};
/* End PBXSourcesBuildPhase section */

/* Begin PBXVariantGroup section */
		7435D8FA1F2DFBC900FD93AD /* Main.storyboard */ = {
			isa = PBXVariantGroup;
			children = (
				7435D8FB1F2DFBC900FD93AD /* Base */,
			);
			name = Main.storyboard;
			sourceTree = "<group>";
		};
		7435D8FF1F2DFBC900FD93AD /* LaunchScreen.storyboard */ = {
			isa = PBXVariantGroup;
			children = (
				7435D9001F2DFBC900FD93AD /* Base */,
			);
			name = LaunchScreen.storyboard;
			sourceTree = "<group>";
		};
/* End PBXVariantGroup section */

/* Begin XCBuildConfiguration section */
		7435D9031F2DFBC900FD93AD /* Debug */ = {
			isa = XCBuildConfiguration;
			buildSettings = {
				ALWAYS_SEARCH_USER_PATHS = NO;
				CLANG_ANALYZER_NONNULL = YES;
				CLANG_ANALYZER_NUMBER_OBJECT_CONVERSION = YES_AGGRESSIVE;
				CLANG_CXX_LANGUAGE_STANDARD = "gnu++0x";
				CLANG_CXX_LIBRARY = "libc++";
				CLANG_ENABLE_MODULES = YES;
				CLANG_ENABLE_OBJC_ARC = YES;
				CLANG_WARN_BOOL_CONVERSION = YES;
				CLANG_WARN_CONSTANT_CONVERSION = YES;
				CLANG_WARN_DIRECT_OBJC_ISA_USAGE = YES_ERROR;
				CLANG_WARN_DOCUMENTATION_COMMENTS = YES;
				CLANG_WARN_EMPTY_BODY = YES;
				CLANG_WARN_ENUM_CONVERSION = YES;
				CLANG_WARN_INFINITE_RECURSION = YES;
				CLANG_WARN_INT_CONVERSION = YES;
				CLANG_WARN_OBJC_ROOT_CLASS = YES_ERROR;
				CLANG_WARN_SUSPICIOUS_MOVE = YES;
				CLANG_WARN_UNREACHABLE_CODE = YES;
				CLANG_WARN__DUPLICATE_METHOD_MATCH = YES;
				"CODE_SIGN_IDENTITY[sdk=iphoneos*]" = "iPhone Developer";
				COPY_PHASE_STRIP = NO;
				DEBUG_INFORMATION_FORMAT = dwarf;
				ENABLE_STRICT_OBJC_MSGSEND = YES;
				ENABLE_TESTABILITY = YES;
				GCC_C_LANGUAGE_STANDARD = gnu99;
				GCC_DYNAMIC_NO_PIC = NO;
				GCC_NO_COMMON_BLOCKS = YES;
				GCC_OPTIMIZATION_LEVEL = 0;
				GCC_PREPROCESSOR_DEFINITIONS = (
					"DEBUG=1",
					"$(inherited)",
				);
				GCC_WARN_64_TO_32_BIT_CONVERSION = YES;
				GCC_WARN_ABOUT_RETURN_TYPE = YES_ERROR;
				GCC_WARN_UNDECLARED_SELECTOR = YES;
				GCC_WARN_UNINITIALIZED_AUTOS = YES_AGGRESSIVE;
				GCC_WARN_UNUSED_FUNCTION = YES;
				GCC_WARN_UNUSED_VARIABLE = YES;
				IPHONEOS_DEPLOYMENT_TARGET = 10.3;
				MTL_ENABLE_DEBUG_INFO = YES;
				ONLY_ACTIVE_ARCH = YES;
				SDKROOT = iphoneos;
				SWIFT_ACTIVE_COMPILATION_CONDITIONS = DEBUG;
				SWIFT_OPTIMIZATION_LEVEL = "-Onone";
			};
			name = Debug;
		};
		7435D9041F2DFBC900FD93AD /* Release */ = {
			isa = XCBuildConfiguration;
			buildSettings = {
				ALWAYS_SEARCH_USER_PATHS = NO;
				CLANG_ANALYZER_NONNULL = YES;
				CLANG_ANALYZER_NUMBER_OBJECT_CONVERSION = YES_AGGRESSIVE;
				CLANG_CXX_LANGUAGE_STANDARD = "gnu++0x";
				CLANG_CXX_LIBRARY = "libc++";
				CLANG_ENABLE_MODULES = YES;
				CLANG_ENABLE_OBJC_ARC = YES;
				CLANG_WARN_BOOL_CONVERSION = YES;
				CLANG_WARN_CONSTANT_CONVERSION = YES;
				CLANG_WARN_DIRECT_OBJC_ISA_USAGE = YES_ERROR;
				CLANG_WARN_DOCUMENTATION_COMMENTS = YES;
				CLANG_WARN_EMPTY_BODY = YES;
				CLANG_WARN_ENUM_CONVERSION = YES;
				CLANG_WARN_INFINITE_RECURSION = YES;
				CLANG_WARN_INT_CONVERSION = YES;
				CLANG_WARN_OBJC_ROOT_CLASS = YES_ERROR;
				CLANG_WARN_SUSPICIOUS_MOVE = YES;
				CLANG_WARN_UNREACHABLE_CODE = YES;
				CLANG_WARN__DUPLICATE_METHOD_MATCH = YES;
				"CODE_SIGN_IDENTITY[sdk=iphoneos*]" = "iPhone Developer";
				COPY_PHASE_STRIP = NO;
				DEBUG_INFORMATION_FORMAT = "dwarf-with-dsym";
				ENABLE_NS_ASSERTIONS = NO;
				ENABLE_STRICT_OBJC_MSGSEND = YES;
				GCC_C_LANGUAGE_STANDARD = gnu99;
				GCC_NO_COMMON_BLOCKS = YES;
				GCC_WARN_64_TO_32_BIT_CONVERSION = YES;
				GCC_WARN_ABOUT_RETURN_TYPE = YES_ERROR;
				GCC_WARN_UNDECLARED_SELECTOR = YES;
				GCC_WARN_UNINITIALIZED_AUTOS = YES_AGGRESSIVE;
				GCC_WARN_UNUSED_FUNCTION = YES;
				GCC_WARN_UNUSED_VARIABLE = YES;
				IPHONEOS_DEPLOYMENT_TARGET = 10.3;
				MTL_ENABLE_DEBUG_INFO = NO;
				SDKROOT = iphoneos;
				SWIFT_OPTIMIZATION_LEVEL = "-Owholemodule";
				VALIDATE_PRODUCT = YES;
			};
			name = Release;
		};
		7435D9061F2DFBC900FD93AD /* Debug */ = {
			isa = XCBuildConfiguration;
			buildSettings = {
				ASSETCATALOG_COMPILER_APPICON_NAME = AppIcon;
				DEVELOPMENT_TEAM = 4426RM98CS;
				INFOPLIST_FILE = Baisti/Info.plist;
				LD_RUNPATH_SEARCH_PATHS = "$(inherited) @executable_path/Frameworks";
				PRODUCT_BUNDLE_IDENTIFIER = mood.Baisti;
				PRODUCT_NAME = "$(TARGET_NAME)";
				SWIFT_VERSION = 3.0;
			};
			name = Debug;
		};
		7435D9071F2DFBC900FD93AD /* Release */ = {
			isa = XCBuildConfiguration;
			buildSettings = {
				ASSETCATALOG_COMPILER_APPICON_NAME = AppIcon;
				DEVELOPMENT_TEAM = 4426RM98CS;
				INFOPLIST_FILE = Baisti/Info.plist;
				LD_RUNPATH_SEARCH_PATHS = "$(inherited) @executable_path/Frameworks";
				PRODUCT_BUNDLE_IDENTIFIER = mood.Baisti;
				PRODUCT_NAME = "$(TARGET_NAME)";
				SWIFT_VERSION = 3.0;
			};
			name = Release;
		};
/* End XCBuildConfiguration section */

/* Begin XCConfigurationList section */
		7435D8EE1F2DFBC900FD93AD /* Build configuration list for PBXProject "Baisti" */ = {
			isa = XCConfigurationList;
			buildConfigurations = (
				7435D9031F2DFBC900FD93AD /* Debug */,
				7435D9041F2DFBC900FD93AD /* Release */,
			);
			defaultConfigurationIsVisible = 0;
			defaultConfigurationName = Release;
		};
		7435D9051F2DFBC900FD93AD /* Build configuration list for PBXNativeTarget "Baisti" */ = {
			isa = XCConfigurationList;
			buildConfigurations = (
				7435D9061F2DFBC900FD93AD /* Debug */,
				7435D9071F2DFBC900FD93AD /* Release */,
			);
			defaultConfigurationIsVisible = 0;
			defaultConfigurationName = Release;
		};
/* End XCConfigurationList section */
	};
	rootObject = 7435D8EB1F2DFBC900FD93AD /* Project object */;
}
