// !$*UTF8*$!
{
	archiveVersion = 1;
	classes = {
	};
	objectVersion = 46;
	objects = {

/* Begin PBXBuildFile section */
		742897AF1F31C2A2005242A0 /* AppDelegate.swift in Sources */ = {isa = PBXBuildFile; fileRef = 742897AE1F31C2A2005242A0 /* AppDelegate.swift */; };
		742897B11F31C2A2005242A0 /* ViewController.swift in Sources */ = {isa = PBXBuildFile; fileRef = 742897B01F31C2A2005242A0 /* ViewController.swift */; };
		742897B41F31C2A2005242A0 /* Main.storyboard in Resources */ = {isa = PBXBuildFile; fileRef = 742897B21F31C2A2005242A0 /* Main.storyboard */; };
		742897B71F31C2A2005242A0 /* throwaway.xcdatamodeld in Sources */ = {isa = PBXBuildFile; fileRef = 742897B51F31C2A2005242A0 /* throwaway.xcdatamodeld */; };
		742897B91F31C2A2005242A0 /* Assets.xcassets in Resources */ = {isa = PBXBuildFile; fileRef = 742897B81F31C2A2005242A0 /* Assets.xcassets */; };
		742897BC1F31C2A2005242A0 /* LaunchScreen.storyboard in Resources */ = {isa = PBXBuildFile; fileRef = 742897BA1F31C2A2005242A0 /* LaunchScreen.storyboard */; };
/* End PBXBuildFile section */

/* Begin PBXFileReference section */
		742897AB1F31C2A2005242A0 /* throwaway.app */ = {isa = PBXFileReference; explicitFileType = wrapper.application; includeInIndex = 0; path = throwaway.app; sourceTree = BUILT_PRODUCTS_DIR; };
		742897AE1F31C2A2005242A0 /* AppDelegate.swift */ = {isa = PBXFileReference; lastKnownFileType = sourcecode.swift; path = AppDelegate.swift; sourceTree = "<group>"; };
		742897B01F31C2A2005242A0 /* ViewController.swift */ = {isa = PBXFileReference; lastKnownFileType = sourcecode.swift; path = ViewController.swift; sourceTree = "<group>"; };
		742897B31F31C2A2005242A0 /* Base */ = {isa = PBXFileReference; lastKnownFileType = file.storyboard; name = Base; path = Base.lproj/Main.storyboard; sourceTree = "<group>"; };
		742897B61F31C2A2005242A0 /* throwaway.xcdatamodel */ = {isa = PBXFileReference; lastKnownFileType = wrapper.xcdatamodel; path = throwaway.xcdatamodel; sourceTree = "<group>"; };
		742897B81F31C2A2005242A0 /* Assets.xcassets */ = {isa = PBXFileReference; lastKnownFileType = folder.assetcatalog; path = Assets.xcassets; sourceTree = "<group>"; };
		742897BB1F31C2A2005242A0 /* Base */ = {isa = PBXFileReference; lastKnownFileType = file.storyboard; name = Base; path = Base.lproj/LaunchScreen.storyboard; sourceTree = "<group>"; };
		742897BD1F31C2A2005242A0 /* Info.plist */ = {isa = PBXFileReference; lastKnownFileType = text.plist.xml; path = Info.plist; sourceTree = "<group>"; };
/* End PBXFileReference section */

/* Begin PBXFrameworksBuildPhase section */
		742897A81F31C2A2005242A0 /* Frameworks */ = {
			isa = PBXFrameworksBuildPhase;
			buildActionMask = 2147483647;
			files = (
			);
			runOnlyForDeploymentPostprocessing = 0;
		};
/* End PBXFrameworksBuildPhase section */

/* Begin PBXGroup section */
		742897A21F31C2A2005242A0 = {
			isa = PBXGroup;
			children = (
				742897AD1F31C2A2005242A0 /* throwaway */,
				742897AC1F31C2A2005242A0 /* Products */,
			);
			sourceTree = "<group>";
		};
		742897AC1F31C2A2005242A0 /* Products */ = {
			isa = PBXGroup;
			children = (
				742897AB1F31C2A2005242A0 /* throwaway.app */,
			);
			name = Products;
			sourceTree = "<group>";
		};
		742897AD1F31C2A2005242A0 /* throwaway */ = {
			isa = PBXGroup;
			children = (
				742897AE1F31C2A2005242A0 /* AppDelegate.swift */,
				742897B01F31C2A2005242A0 /* ViewController.swift */,
				742897B21F31C2A2005242A0 /* Main.storyboard */,
				742897B81F31C2A2005242A0 /* Assets.xcassets */,
				742897BA1F31C2A2005242A0 /* LaunchScreen.storyboard */,
				742897BD1F31C2A2005242A0 /* Info.plist */,
				742897B51F31C2A2005242A0 /* throwaway.xcdatamodeld */,
			);
			path = throwaway;
			sourceTree = "<group>";
		};
/* End PBXGroup section */

/* Begin PBXNativeTarget section */
		742897AA1F31C2A2005242A0 /* throwaway */ = {
			isa = PBXNativeTarget;
			buildConfigurationList = 742897C01F31C2A2005242A0 /* Build configuration list for PBXNativeTarget "throwaway" */;
			buildPhases = (
				742897A71F31C2A2005242A0 /* Sources */,
				742897A81F31C2A2005242A0 /* Frameworks */,
				742897A91F31C2A2005242A0 /* Resources */,
			);
			buildRules = (
			);
			dependencies = (
			);
			name = throwaway;
			productName = throwaway;
			productReference = 742897AB1F31C2A2005242A0 /* throwaway.app */;
			productType = "com.apple.product-type.application";
		};
/* End PBXNativeTarget section */

/* Begin PBXProject section */
		742897A31F31C2A2005242A0 /* Project object */ = {
			isa = PBXProject;
			attributes = {
				LastSwiftUpdateCheck = 0830;
				LastUpgradeCheck = 0830;
				ORGANIZATIONNAME = "Mahmood al-Zadjali";
				TargetAttributes = {
					742897AA1F31C2A2005242A0 = {
						CreatedOnToolsVersion = 8.3.2;
						DevelopmentTeam = 4426RM98CS;
						ProvisioningStyle = Automatic;
					};
				};
			};
			buildConfigurationList = 742897A61F31C2A2005242A0 /* Build configuration list for PBXProject "throwaway" */;
			compatibilityVersion = "Xcode 3.2";
			developmentRegion = English;
			hasScannedForEncodings = 0;
			knownRegions = (
				en,
				Base,
			);
			mainGroup = 742897A21F31C2A2005242A0;
			productRefGroup = 742897AC1F31C2A2005242A0 /* Products */;
			projectDirPath = "";
			projectRoot = "";
			targets = (
				742897AA1F31C2A2005242A0 /* throwaway */,
			);
		};
/* End PBXProject section */

/* Begin PBXResourcesBuildPhase section */
		742897A91F31C2A2005242A0 /* Resources */ = {
			isa = PBXResourcesBuildPhase;
			buildActionMask = 2147483647;
			files = (
				742897BC1F31C2A2005242A0 /* LaunchScreen.storyboard in Resources */,
				742897B91F31C2A2005242A0 /* Assets.xcassets in Resources */,
				742897B41F31C2A2005242A0 /* Main.storyboard in Resources */,
			);
			runOnlyForDeploymentPostprocessing = 0;
		};
/* End PBXResourcesBuildPhase section */

/* Begin PBXSourcesBuildPhase section */
		742897A71F31C2A2005242A0 /* Sources */ = {
			isa = PBXSourcesBuildPhase;
			buildActionMask = 2147483647;
			files = (
				742897B11F31C2A2005242A0 /* ViewController.swift in Sources */,
				742897AF1F31C2A2005242A0 /* AppDelegate.swift in Sources */,
				742897B71F31C2A2005242A0 /* throwaway.xcdatamodeld in Sources */,
			);
			runOnlyForDeploymentPostprocessing = 0;
		};
/* End PBXSourcesBuildPhase section */

/* Begin PBXVariantGroup section */
		742897B21F31C2A2005242A0 /* Main.storyboard */ = {
			isa = PBXVariantGroup;
			children = (
				742897B31F31C2A2005242A0 /* Base */,
			);
			name = Main.storyboard;
			sourceTree = "<group>";
		};
		742897BA1F31C2A2005242A0 /* LaunchScreen.storyboard */ = {
			isa = PBXVariantGroup;
			children = (
				742897BB1F31C2A2005242A0 /* Base */,
			);
			name = LaunchScreen.storyboard;
			sourceTree = "<group>";
		};
/* End PBXVariantGroup section */

/* Begin XCBuildConfiguration section */
		742897BE1F31C2A2005242A0 /* Debug */ = {
			isa = XCBuildConfiguration;
			buildSettings = {
				ALWAYS_SEARCH_USER_PATHS = NO;
				CLANG_ANALYZER_NONNULL = YES;
				CLANG_ANALYZER_NUMBER_OBJECT_CONVERSION = YES_AGGRESSIVE;
				CLANG_CXX_LANGUAGE_STANDARD = "gnu++0x";
				CLANG_CXX_LIBRARY = "libc++";
				CLANG_ENABLE_MODULES = YES;
				CLANG_ENABLE_OBJC_ARC = YES;
				CLANG_WARN_BOOL_CONVERSION = YES;
				CLANG_WARN_CONSTANT_CONVERSION = YES;
				CLANG_WARN_DIRECT_OBJC_ISA_USAGE = YES_ERROR;
				CLANG_WARN_DOCUMENTATION_COMMENTS = YES;
				CLANG_WARN_EMPTY_BODY = YES;
				CLANG_WARN_ENUM_CONVERSION = YES;
				CLANG_WARN_INFINITE_RECURSION = YES;
				CLANG_WARN_INT_CONVERSION = YES;
				CLANG_WARN_OBJC_ROOT_CLASS = YES_ERROR;
				CLANG_WARN_SUSPICIOUS_MOVE = YES;
				CLANG_WARN_UNREACHABLE_CODE = YES;
				CLANG_WARN__DUPLICATE_METHOD_MATCH = YES;
				"CODE_SIGN_IDENTITY[sdk=iphoneos*]" = "iPhone Developer";
				COPY_PHASE_STRIP = NO;
				DEBUG_INFORMATION_FORMAT = dwarf;
				ENABLE_STRICT_OBJC_MSGSEND = YES;
				ENABLE_TESTABILITY = YES;
				GCC_C_LANGUAGE_STANDARD = gnu99;
				GCC_DYNAMIC_NO_PIC = NO;
				GCC_NO_COMMON_BLOCKS = YES;
				GCC_OPTIMIZATION_LEVEL = 0;
				GCC_PREPROCESSOR_DEFINITIONS = (
					"DEBUG=1",
					"$(inherited)",
				);
				GCC_WARN_64_TO_32_BIT_CONVERSION = YES;
				GCC_WARN_ABOUT_RETURN_TYPE = YES_ERROR;
				GCC_WARN_UNDECLARED_SELECTOR = YES;
				GCC_WARN_UNINITIALIZED_AUTOS = YES_AGGRESSIVE;
				GCC_WARN_UNUSED_FUNCTION = YES;
				GCC_WARN_UNUSED_VARIABLE = YES;
				IPHONEOS_DEPLOYMENT_TARGET = 10.3;
				MTL_ENABLE_DEBUG_INFO = YES;
				ONLY_ACTIVE_ARCH = YES;
				SDKROOT = iphoneos;
				SWIFT_ACTIVE_COMPILATION_CONDITIONS = DEBUG;
				SWIFT_OPTIMIZATION_LEVEL = "-Onone";
			};
			name = Debug;
		};
		742897BF1F31C2A2005242A0 /* Release */ = {
			isa = XCBuildConfiguration;
			buildSettings = {
				ALWAYS_SEARCH_USER_PATHS = NO;
				CLANG_ANALYZER_NONNULL = YES;
				CLANG_ANALYZER_NUMBER_OBJECT_CONVERSION = YES_AGGRESSIVE;
				CLANG_CXX_LANGUAGE_STANDARD = "gnu++0x";
				CLANG_CXX_LIBRARY = "libc++";
				CLANG_ENABLE_MODULES = YES;
				CLANG_ENABLE_OBJC_ARC = YES;
				CLANG_WARN_BOOL_CONVERSION = YES;
				CLANG_WARN_CONSTANT_CONVERSION = YES;
				CLANG_WARN_DIRECT_OBJC_ISA_USAGE = YES_ERROR;
				CLANG_WARN_DOCUMENTATION_COMMENTS = YES;
				CLANG_WARN_EMPTY_BODY = YES;
				CLANG_WARN_ENUM_CONVERSION = YES;
				CLANG_WARN_INFINITE_RECURSION = YES;
				CLANG_WARN_INT_CONVERSION = YES;
				CLANG_WARN_OBJC_ROOT_CLASS = YES_ERROR;
				CLANG_WARN_SUSPICIOUS_MOVE = YES;
				CLANG_WARN_UNREACHABLE_CODE = YES;
				CLANG_WARN__DUPLICATE_METHOD_MATCH = YES;
				"CODE_SIGN_IDENTITY[sdk=iphoneos*]" = "iPhone Developer";
				COPY_PHASE_STRIP = NO;
				DEBUG_INFORMATION_FORMAT = "dwarf-with-dsym";
				ENABLE_NS_ASSERTIONS = NO;
				ENABLE_STRICT_OBJC_MSGSEND = YES;
				GCC_C_LANGUAGE_STANDARD = gnu99;
				GCC_NO_COMMON_BLOCKS = YES;
				GCC_WARN_64_TO_32_BIT_CONVERSION = YES;
				GCC_WARN_ABOUT_RETURN_TYPE = YES_ERROR;
				GCC_WARN_UNDECLARED_SELECTOR = YES;
				GCC_WARN_UNINITIALIZED_AUTOS = YES_AGGRESSIVE;
				GCC_WARN_UNUSED_FUNCTION = YES;
				GCC_WARN_UNUSED_VARIABLE = YES;
				IPHONEOS_DEPLOYMENT_TARGET = 10.3;
				MTL_ENABLE_DEBUG_INFO = NO;
				SDKROOT = iphoneos;
				SWIFT_OPTIMIZATION_LEVEL = "-Owholemodule";
				VALIDATE_PRODUCT = YES;
			};
			name = Release;
		};
		742897C11F31C2A2005242A0 /* Debug */ = {
			isa = XCBuildConfiguration;
			buildSettings = {
				ASSETCATALOG_COMPILER_APPICON_NAME = AppIcon;
				DEVELOPMENT_TEAM = 4426RM98CS;
				INFOPLIST_FILE = throwaway/Info.plist;
				LD_RUNPATH_SEARCH_PATHS = "$(inherited) @executable_path/Frameworks";
				PRODUCT_BUNDLE_IDENTIFIER = mood.throwaway;
				PRODUCT_NAME = "$(TARGET_NAME)";
				SWIFT_VERSION = 3.0;
			};
			name = Debug;
		};
		742897C21F31C2A2005242A0 /* Release */ = {
			isa = XCBuildConfiguration;
			buildSettings = {
				ASSETCATALOG_COMPILER_APPICON_NAME = AppIcon;
				DEVELOPMENT_TEAM = 4426RM98CS;
				INFOPLIST_FILE = throwaway/Info.plist;
				LD_RUNPATH_SEARCH_PATHS = "$(inherited) @executable_path/Frameworks";
				PRODUCT_BUNDLE_IDENTIFIER = mood.throwaway;
				PRODUCT_NAME = "$(TARGET_NAME)";
				SWIFT_VERSION = 3.0;
			};
			name = Release;
		};
/* End XCBuildConfiguration section */

/* Begin XCConfigurationList section */
		742897A61F31C2A2005242A0 /* Build configuration list for PBXProject "throwaway" */ = {
			isa = XCConfigurationList;
			buildConfigurations = (
				742897BE1F31C2A2005242A0 /* Debug */,
				742897BF1F31C2A2005242A0 /* Release */,
			);
			defaultConfigurationIsVisible = 0;
			defaultConfigurationName = Release;
		};
		742897C01F31C2A2005242A0 /* Build configuration list for PBXNativeTarget "throwaway" */ = {
			isa = XCConfigurationList;
			buildConfigurations = (
				742897C11F31C2A2005242A0 /* Debug */,
				742897C21F31C2A2005242A0 /* Release */,
			);
			defaultConfigurationIsVisible = 0;
		};
/* End XCConfigurationList section */

/* Begin XCVersionGroup section */
		742897B51F31C2A2005242A0 /* throwaway.xcdatamodeld */ = {
			isa = XCVersionGroup;
			children = (
				742897B61F31C2A2005242A0 /* throwaway.xcdatamodel */,
			);
			currentVersion = 742897B61F31C2A2005242A0 /* throwaway.xcdatamodel */;
			path = throwaway.xcdatamodeld;
			sourceTree = "<group>";
			versionGroupType = wrapper.xcdatamodel;
		};
/* End XCVersionGroup section */
	};
	rootObject = 742897A31F31C2A2005242A0 /* Project object */;
}
